
Microsoft Visual Studio Solution File, Format Version 12.00
# Visual Studio Version 16
VisualStudioVersion = 16.0.31005.135
MinimumVisualStudioVersion = 10.0.40219.1
Project("{9A19103F-16F7-4668-BE54-9A1E7A4F7556}") = "task-6-circles", "task-6-circles.csproj", "{F93ABA9B-2074-4CF9-A6EE-0E90714A3F43}"
EndProject
Global
	GlobalSection(SolutionConfigurationPlatforms) = preSolution
		Debug|Any CPU = Debug|Any CPU
		Release|Any CPU = Release|Any CPU
	EndGlobalSection
	GlobalSection(ProjectConfigurationPlatforms) = postSolution
		{F93ABA9B-2074-4CF9-A6EE-0E90714A3F43}.Debug|Any CPU.ActiveCfg = Debug|Any CPU
		{F93ABA9B-2074-4CF9-A6EE-0E90714A3F43}.Debug|Any CPU.Build.0 = Debug|Any CPU
		{F93ABA9B-2074-4CF9-A6EE-0E90714A3F43}.Release|Any CPU.ActiveCfg = Release|Any CPU
		{F93ABA9B-2074-4CF9-A6EE-0E90714A3F43}.Release|Any CPU.Build.0 = Release|Any CPU
	EndGlobalSection
	GlobalSection(SolutionProperties) = preSolution
		HideSolutionNode = FALSE
	EndGlobalSection
	GlobalSection(ExtensibilityGlobals) = postSolution
		SolutionGuid = {335333D5-080B-42DE-895D-295830778658}
	EndGlobalSection
EndGlobal
